schema: '2.0'
stages:
  models:
    cmd: python src/visualization/visualize.py
    deps:
    - path: data/processed
      hash: md5
      md5: 703ca2d8f648328d1da1c2b2d44d3847.dir
      size: 151102527
      nfiles: 2
    - path: models/model.joblib
      hash: md5
      md5: 6c0ff5e6ccf44e09c2e4831b66f625a6
      size: 642777
    - path: src/visualization/visualize.py
      hash: md5
      md5: 8fb5e1ef65afdd488a6d3bac2c49ce85
      size: 4036
    outs:
    - path: dvclive
      hash: md5
      md5: fef6eb054067b94f6b47638831d616ab.dir
      size: 21176515
      nfiles: 8
  train_model:
    cmd: python ./src/models/train_model.py
    deps:
    - path: ./src/models/train_model.py
      hash: md5
      md5: 61549c085d79b0a17e821289e75b1d0e
      size: 1498
    - path: data/processed/train.csv
      hash: md5
      md5: 45a357eb9404a6b91c2840d00c672959
      size: 120882564
    outs:
    - path: models
      hash: md5
      md5: e8618c383176f0f4ef3cae5fbb1e6fe5.dir
      size: 642777
      nfiles: 1
